// !$*UTF8*$!
{
	archiveVersion = 1;
	classes = {
	};
	objectVersion = 50;
	objects = {

/* Begin PBXBuildFile section */
		148DD924212267D900777421 /* AppDelegate.swift in Sources */ = {isa = PBXBuildFile; fileRef = 148DD923212267D900777421 /* AppDelegate.swift */; };
		148DD926212267D900777421 /* MasterViewController.swift in Sources */ = {isa = PBXBuildFile; fileRef = 148DD925212267D900777421 /* MasterViewController.swift */; };
		148DD928212267D900777421 /* DetailViewController.swift in Sources */ = {isa = PBXBuildFile; fileRef = 148DD927212267D900777421 /* DetailViewController.swift */; };
		148DD92B212267D900777421 /* Main.storyboard in Resources */ = {isa = PBXBuildFile; fileRef = 148DD929212267D900777421 /* Main.storyboard */; };
		148DD92D212267DA00777421 /* Assets.xcassets in Resources */ = {isa = PBXBuildFile; fileRef = 148DD92C212267DA00777421 /* Assets.xcassets */; };
		148DD930212267DA00777421 /* LaunchScreen.storyboard in Resources */ = {isa = PBXBuildFile; fileRef = 148DD92E212267DA00777421 /* LaunchScreen.storyboard */; };
		148DD9382122682400777421 /* Event.swift in Sources */ = {isa = PBXBuildFile; fileRef = 148DD9372122682400777421 /* Event.swift */; };
		148DD93C2122734B00777421 /* EventCreator.swift in Sources */ = {isa = PBXBuildFile; fileRef = 148DD93B2122734B00777421 /* EventCreator.swift */; };
/* End PBXBuildFile section */

/* Begin PBXFileReference section */
		148DD920212267D900777421 /* Tennis Tracker.app */ = {isa = PBXFileReference; explicitFileType = wrapper.application; includeInIndex = 0; path = "Tennis Tracker.app"; sourceTree = BUILT_PRODUCTS_DIR; };
		148DD923212267D900777421 /* AppDelegate.swift */ = {isa = PBXFileReference; lastKnownFileType = sourcecode.swift; path = AppDelegate.swift; sourceTree = "<group>"; };
		148DD925212267D900777421 /* MasterViewController.swift */ = {isa = PBXFileReference; lastKnownFileType = sourcecode.swift; path = MasterViewController.swift; sourceTree = "<group>"; };
		148DD927212267D900777421 /* DetailViewController.swift */ = {isa = PBXFileReference; lastKnownFileType = sourcecode.swift; path = DetailViewController.swift; sourceTree = "<group>"; };
		148DD92A212267D900777421 /* Base */ = {isa = PBXFileReference; lastKnownFileType = file.storyboard; name = Base; path = Base.lproj/Main.storyboard; sourceTree = "<group>"; };
		148DD92C212267DA00777421 /* Assets.xcassets */ = {isa = PBXFileReference; lastKnownFileType = folder.assetcatalog; path = Assets.xcassets; sourceTree = "<group>"; };
		148DD92F212267DA00777421 /* Base */ = {isa = PBXFileReference; lastKnownFileType = file.storyboard; name = Base; path = Base.lproj/LaunchScreen.storyboard; sourceTree = "<group>"; };
		148DD931212267DA00777421 /* Info.plist */ = {isa = PBXFileReference; lastKnownFileType = text.plist.xml; path = Info.plist; sourceTree = "<group>"; };
		148DD9372122682400777421 /* Event.swift */ = {isa = PBXFileReference; lastKnownFileType = sourcecode.swift; path = Event.swift; sourceTree = "<group>"; };
		148DD93B2122734B00777421 /* EventCreator.swift */ = {isa = PBXFileReference; lastKnownFileType = sourcecode.swift; path = EventCreator.swift; sourceTree = "<group>"; };
/* End PBXFileReference section */

/* Begin PBXFrameworksBuildPhase section */
		148DD91D212267D900777421 /* Frameworks */ = {
			isa = PBXFrameworksBuildPhase;
			buildActionMask = 2147483647;
			files = (
			);
			runOnlyForDeploymentPostprocessing = 0;
		};
/* End PBXFrameworksBuildPhase section */

/* Begin PBXGroup section */
		148DD917212267D900777421 = {
			isa = PBXGroup;
			children = (
				148DD922212267D900777421 /* Tennis Tracker */,
				148DD921212267D900777421 /* Products */,
			);
			sourceTree = "<group>";
		};
		148DD921212267D900777421 /* Products */ = {
			isa = PBXGroup;
			children = (
				148DD920212267D900777421 /* Tennis Tracker.app */,
			);
			name = Products;
			sourceTree = "<group>";
		};
		148DD922212267D900777421 /* Tennis Tracker */ = {
			isa = PBXGroup;
			children = (
				148DD923212267D900777421 /* AppDelegate.swift */,
				148DD9372122682400777421 /* Event.swift */,
				148DD925212267D900777421 /* MasterViewController.swift */,
				148DD927212267D900777421 /* DetailViewController.swift */,
				148DD929212267D900777421 /* Main.storyboard */,
				148DD93B2122734B00777421 /* EventCreator.swift */,
				148DD92C212267DA00777421 /* Assets.xcassets */,
				148DD92E212267DA00777421 /* LaunchScreen.storyboard */,
				148DD931212267DA00777421 /* Info.plist */,
			);
			path = "Tennis Tracker";
			sourceTree = "<group>";
		};
/* End PBXGroup section */

/* Begin PBXNativeTarget section */
		148DD91F212267D900777421 /* Tennis Tracker */ = {
			isa = PBXNativeTarget;
			buildConfigurationList = 148DD934212267DA00777421 /* Build configuration list for PBXNativeTarget "Tennis Tracker" */;
			buildPhases = (
				148DD91C212267D900777421 /* Sources */,
				148DD91D212267D900777421 /* Frameworks */,
				148DD91E212267D900777421 /* Resources */,
			);
			buildRules = (
			);
			dependencies = (
			);
			name = "Tennis Tracker";
			productName = "Tennis Tracker";
			productReference = 148DD920212267D900777421 /* Tennis Tracker.app */;
			productType = "com.apple.product-type.application";
		};
/* End PBXNativeTarget section */

/* Begin PBXProject section */
		148DD918212267D900777421 /* Project object */ = {
			isa = PBXProject;
			attributes = {
				LastSwiftUpdateCheck = 0940;
				LastUpgradeCheck = 0940;
				ORGANIZATIONNAME = "Emeka Ezike";
				TargetAttributes = {
					148DD91F212267D900777421 = {
						CreatedOnToolsVersion = 9.4.1;
					};
				};
			};
			buildConfigurationList = 148DD91B212267D900777421 /* Build configuration list for PBXProject "Tennis Tracker" */;
			compatibilityVersion = "Xcode 9.3";
			developmentRegion = en;
			hasScannedForEncodings = 0;
			knownRegions = (
				en,
				Base,
			);
			mainGroup = 148DD917212267D900777421;
			productRefGroup = 148DD921212267D900777421 /* Products */;
			projectDirPath = "";
			projectRoot = "";
			targets = (
				148DD91F212267D900777421 /* Tennis Tracker */,
			);
		};
/* End PBXProject section */

/* Begin PBXResourcesBuildPhase section */
		148DD91E212267D900777421 /* Resources */ = {
			isa = PBXResourcesBuildPhase;
			buildActionMask = 2147483647;
			files = (
				148DD930212267DA00777421 /* LaunchScreen.storyboard in Resources */,
				148DD92D212267DA00777421 /* Assets.xcassets in Resources */,
				148DD92B212267D900777421 /* Main.storyboard in Resources */,
			);
			runOnlyForDeploymentPostprocessing = 0;
		};
/* End PBXResourcesBuildPhase section */

/* Begin PBXSourcesBuildPhase section */
		148DD91C212267D900777421 /* Sources */ = {
			isa = PBXSourcesBuildPhase;
			buildActionMask = 2147483647;
			files = (
				148DD9382122682400777421 /* Event.swift in Sources */,
				148DD928212267D900777421 /* DetailViewController.swift in Sources */,
				148DD926212267D900777421 /* MasterViewController.swift in Sources */,
				148DD93C2122734B00777421 /* EventCreator.swift in Sources */,
				148DD924212267D900777421 /* AppDelegate.swift in Sources */,
			);
			runOnlyForDeploymentPostprocessing = 0;
		};
/* End PBXSourcesBuildPhase section */

/* Begin PBXVariantGroup section */
		148DD929212267D900777421 /* Main.storyboard */ = {
			isa = PBXVariantGroup;
			children = (
				148DD92A212267D900777421 /* Base */,
			);
			name = Main.storyboard;
			sourceTree = "<group>";
		};
		148DD92E212267DA00777421 /* LaunchScreen.storyboard */ = {
			isa = PBXVariantGroup;
			children = (
				148DD92F212267DA00777421 /* Base */,
			);
			name = LaunchScreen.storyboard;
			sourceTree = "<group>";
		};
/* End PBXVariantGroup section */

/* Begin XCBuildConfiguration section */
		148DD932212267DA00777421 /* Debug */ = {
			isa = XCBuildConfiguration;
			buildSettings = {
				ALWAYS_SEARCH_USER_PATHS = NO;
				CLANG_ANALYZER_NONNULL = YES;
				CLANG_ANALYZER_NUMBER_OBJECT_CONVERSION = YES_AGGRESSIVE;
				CLANG_CXX_LANGUAGE_STANDARD = "gnu++14";
				CLANG_CXX_LIBRARY = "libc++";
				CLANG_ENABLE_MODULES = YES;
				CLANG_ENABLE_OBJC_ARC = YES;
				CLANG_ENABLE_OBJC_WEAK = YES;
				CLANG_WARN_BLOCK_CAPTURE_AUTORELEASING = YES;
				CLANG_WARN_BOOL_CONVERSION = YES;
				CLANG_WARN_COMMA = YES;
				CLANG_WARN_CONSTANT_CONVERSION = YES;
				CLANG_WARN_DEPRECATED_OBJC_IMPLEMENTATIONS = YES;
				CLANG_WARN_DIRECT_OBJC_ISA_USAGE = YES_ERROR;
				CLANG_WARN_DOCUMENTATION_COMMENTS = YES;
				CLANG_WARN_EMPTY_BODY = YES;
				CLANG_WARN_ENUM_CONVERSION = YES;
				CLANG_WARN_INFINITE_RECURSION = YES;
				CLANG_WARN_INT_CONVERSION = YES;
				CLANG_WARN_NON_LITERAL_NULL_CONVERSION = YES;
				CLANG_WARN_OBJC_IMPLICIT_RETAIN_SELF = YES;
				CLANG_WARN_OBJC_LITERAL_CONVERSION = YES;
				CLANG_WARN_OBJC_ROOT_CLASS = YES_ERROR;
				CLANG_WARN_RANGE_LOOP_ANALYSIS = YES;
				CLANG_WARN_STRICT_PROTOTYPES = YES;
				CLANG_WARN_SUSPICIOUS_MOVE = YES;
				CLANG_WARN_UNGUARDED_AVAILABILITY = YES_AGGRESSIVE;
				CLANG_WARN_UNREACHABLE_CODE = YES;
				CLANG_WARN__DUPLICATE_METHOD_MATCH = YES;
				CODE_SIGN_IDENTITY = "iPhone Developer";
				COPY_PHASE_STRIP = NO;
				DEBUG_INFORMATION_FORMAT = dwarf;
				ENABLE_STRICT_OBJC_MSGSEND = YES;
				ENABLE_TESTABILITY = YES;
				GCC_C_LANGUAGE_STANDARD = gnu11;
				GCC_DYNAMIC_NO_PIC = NO;
				GCC_NO_COMMON_BLOCKS = YES;
				GCC_OPTIMIZATION_LEVEL = 0;
				GCC_PREPROCESSOR_DEFINITIONS = (
					"DEBUG=1",
					"$(inherited)",
				);
				GCC_WARN_64_TO_32_BIT_CONVERSION = YES;
				GCC_WARN_ABOUT_RETURN_TYPE = YES_ERROR;
				GCC_WARN_UNDECLARED_SELECTOR = YES;
				GCC_WARN_UNINITIALIZED_AUTOS = YES_AGGRESSIVE;
				GCC_WARN_UNUSED_FUNCTION = YES;
				GCC_WARN_UNUSED_VARIABLE = YES;
				IPHONEOS_DEPLOYMENT_TARGET = 11.4;
				MTL_ENABLE_DEBUG_INFO = YES;
				ONLY_ACTIVE_ARCH = YES;
				SDKROOT = iphoneos;
				SWIFT_ACTIVE_COMPILATION_CONDITIONS = DEBUG;
				SWIFT_OPTIMIZATION_LEVEL = "-Onone";
			};
			name = Debug;
		};
		148DD933212267DA00777421 /* Release */ = {
			isa = XCBuildConfiguration;
			buildSettings = {
				ALWAYS_SEARCH_USER_PATHS = NO;
				CLANG_ANALYZER_NONNULL = YES;
				CLANG_ANALYZER_NUMBER_OBJECT_CONVERSION = YES_AGGRESSIVE;
				CLANG_CXX_LANGUAGE_STANDARD = "gnu++14";
				CLANG_CXX_LIBRARY = "libc++";
				CLANG_ENABLE_MODULES = YES;
				CLANG_ENABLE_OBJC_ARC = YES;
				CLANG_ENABLE_OBJC_WEAK = YES;
				CLANG_WARN_BLOCK_CAPTURE_AUTORELEASING = YES;
				CLANG_WARN_BOOL_CONVERSION = YES;
				CLANG_WARN_COMMA = YES;
				CLANG_WARN_CONSTANT_CONVERSION = YES;
				CLANG_WARN_DEPRECATED_OBJC_IMPLEMENTATIONS = YES;
				CLANG_WARN_DIRECT_OBJC_ISA_USAGE = YES_ERROR;
				CLANG_WARN_DOCUMENTATION_COMMENTS = YES;
				CLANG_WARN_EMPTY_BODY = YES;
				CLANG_WARN_ENUM_CONVERSION = YES;
				CLANG_WARN_INFINITE_RECURSION = YES;
				CLANG_WARN_INT_CONVERSION = YES;
				CLANG_WARN_NON_LITERAL_NULL_CONVERSION = YES;
				CLANG_WARN_OBJC_IMPLICIT_RETAIN_SELF = YES;
				CLANG_WARN_OBJC_LITERAL_CONVERSION = YES;
				CLANG_WARN_OBJC_ROOT_CLASS = YES_ERROR;
				CLANG_WARN_RANGE_LOOP_ANALYSIS = YES;
				CLANG_WARN_STRICT_PROTOTYPES = YES;
				CLANG_WARN_SUSPICIOUS_MOVE = YES;
				CLANG_WARN_UNGUARDED_AVAILABILITY = YES_AGGRESSIVE;
				CLANG_WARN_UNREACHABLE_CODE = YES;
				CLANG_WARN__DUPLICATE_METHOD_MATCH = YES;
				CODE_SIGN_IDENTITY = "iPhone Developer";
				COPY_PHASE_STRIP = NO;
				DEBUG_INFORMATION_FORMAT = "dwarf-with-dsym";
				ENABLE_NS_ASSERTIONS = NO;
				ENABLE_STRICT_OBJC_MSGSEND = YES;
				GCC_C_LANGUAGE_STANDARD = gnu11;
				GCC_NO_COMMON_BLOCKS = YES;
				GCC_WARN_64_TO_32_BIT_CONVERSION = YES;
				GCC_WARN_ABOUT_RETURN_TYPE = YES_ERROR;
				GCC_WARN_UNDECLARED_SELECTOR = YES;
				GCC_WARN_UNINITIALIZED_AUTOS = YES_AGGRESSIVE;
				GCC_WARN_UNUSED_FUNCTION = YES;
				GCC_WARN_UNUSED_VARIABLE = YES;
				IPHONEOS_DEPLOYMENT_TARGET = 11.4;
				MTL_ENABLE_DEBUG_INFO = NO;
				SDKROOT = iphoneos;
				SWIFT_COMPILATION_MODE = wholemodule;
				SWIFT_OPTIMIZATION_LEVEL = "-O";
				VALIDATE_PRODUCT = YES;
			};
			name = Release;
		};
		148DD935212267DA00777421 /* Debug */ = {
			isa = XCBuildConfiguration;
			buildSettings = {
				ASSETCATALOG_COMPILER_APPICON_NAME = AppIcon;
				CODE_SIGN_STYLE = Automatic;
				DEVELOPMENT_TEAM = KLAKJG5X7R;
				INFOPLIST_FILE = "Tennis Tracker/Info.plist";
				LD_RUNPATH_SEARCH_PATHS = (
					"$(inherited)",
					"@executable_path/Frameworks",
				);
				PRODUCT_BUNDLE_IDENTIFIER = "A.Tennis-Tracker";
				PRODUCT_NAME = "$(TARGET_NAME)";
				SWIFT_VERSION = 4.0;
				TARGETED_DEVICE_FAMILY = "1,2";
			};
			name = Debug;
		};
		148DD936212267DA00777421 /* Release */ = {
			isa = XCBuildConfiguration;
			buildSettings = {
				ASSETCATALOG_COMPILER_APPICON_NAME = AppIcon;
				CODE_SIGN_STYLE = Automatic;
				DEVELOPMENT_TEAM = KLAKJG5X7R;
				INFOPLIST_FILE = "Tennis Tracker/Info.plist";
				LD_RUNPATH_SEARCH_PATHS = (
					"$(inherited)",
					"@executable_path/Frameworks",
				);
				PRODUCT_BUNDLE_IDENTIFIER = "A.Tennis-Tracker";
				PRODUCT_NAME = "$(TARGET_NAME)";
				SWIFT_VERSION = 4.0;
				TARGETED_DEVICE_FAMILY = "1,2";
			};
			name = Release;
		};
/* End XCBuildConfiguration section */

/* Begin XCConfigurationList section */
		148DD91B212267D900777421 /* Build configuration list for PBXProject "Tennis Tracker" */ = {
			isa = XCConfigurationList;
			buildConfigurations = (
				148DD932212267DA00777421 /* Debug */,
				148DD933212267DA00777421 /* Release */,
			);
			defaultConfigurationIsVisible = 0;
			defaultConfigurationName = Release;
		};
		148DD934212267DA00777421 /* Build configuration list for PBXNativeTarget "Tennis Tracker" */ = {
			isa = XCConfigurationList;
			buildConfigurations = (
				148DD935212267DA00777421 /* Debug */,
				148DD936212267DA00777421 /* Release */,
			);
			defaultConfigurationIsVisible = 0;
			defaultConfigurationName = Release;
		};
/* End XCConfigurationList section */
	};
	rootObject = 148DD918212267D900777421 /* Project object */;
}
